{
    "_meta": {
        "hash": {
            "sha256": "cebd603e1df321674a1f0c6d6a3463731fa88ffdc570b283c1c82f4334c6aeb5"
        },
        "host-environment-markers": {
            "implementation_name": "cpython",
            "implementation_version": "3.4.3",
            "os_name": "posix",
            "platform_machine": "x86_64",
            "platform_python_implementation": "CPython",
            "platform_release": "3.19.0-32-generic",
            "platform_system": "Linux",
            "platform_version": "#37~14.04.1-Ubuntu SMP Thu Oct 22 09:41:40 UTC 2015",
            "python_full_version": "3.4.3",
            "python_version": "3.4",
            "sys_platform": "linux"
        },
        "pipfile-spec": 6,
        "requires": {},
        "sources": [
            {
                "name": "pypi",
                "url": "https://pypi.python.org/simple",
                "verify_ssl": true
            }
        ]
    },
    "default": {
        "ortools": {
            "hashes": [
                "sha256:709e065859212e691e77bb345d70da581c1f4ad1ac120f5f3851da6caff562f6",
                "sha256:b08aac55c93b96c7495f5bb05c2a37fa39575cd5bf88d80b3e05bc08a47d7807",
                "sha256:04e9aacea4023a07f3c34972bf995a54671c9e754477c239abb1229f49a48d2c",
                "sha256:89d05eec021623291a9619b50189efcf76e4c5a5d618e35af4920493cf0807ca",
                "sha256:6ebd3ea61fc481af3b804e1b8cc3d4bdb4030fc7281cc800d97ee26f6d192ea6",
                "sha256:b4858b5263034eeb64008da80dcf5c89b8f72fae3ada199669cc7eb0d12f289e",
                "sha256:f14b37508b3945760ad1062209916ae3f936918c8dcd6fb513db9eb919e0671c",
                "sha256:5ebafb953b8b505b49d29fcd2ed32bb0b5cb3293a11f7cc95d0f1884531678ff",
                "sha256:aeda25a870ac16416227985ca27885257547961cfebb07b5b2bb4efee09bb197",
                "sha256:d3d278f8d7240430570efdd74c37d5784e009efbc37101ac02e22aecd0b9cf46",
                "sha256:65dc258ecaa09602abf20fdbbf3df3949260ad8cc74eac0fedd91bca5cc77d3d",
                "sha256:c2ab2552f6f885a69453747b70ea0a6be947848adbcaa087781f3d1cca547938",
                "sha256:afda5ab393ec5c17180efe91de19aea2e36fcf2879989a2722c1b702a8d87b19",
                "sha256:5a5e44159707817b8f8ca4ef01d69557a86733be87c5e50601c2744acdd72993",
                "sha256:522090951c458905fbbffe5830c39616245a2e116826541d60d8ab9ffd041d3b"
            ],
            "version": "==6.5.4527"
        },
        "protobuf": {
            "hashes": [
                "sha256:88b8799070cbb97a6aa1b26e1120d261152b8a0821fc9991b69e8e5f2c0bf378",
                "sha256:14fa1f2f608c2906f7a703fd59efd0a40b4ff853e7f113469a7611444de8de6d",
                "sha256:be78090d785974a1942eb3e7dac2d52fdf4bfc865b99bffe1ac0a2b6d5e86f8b",
                "sha256:3581f428907a75e56ac39868406e0fb13572642991c12ec1a05be9d70d3715b3",
                "sha256:7e140559de4e438261474b84548808d7a447c05f55524ca34ef6dbe7f1c3cf7c",
                "sha256:1cbcee2c45773f57cb6de7ee0eceb97f92b9b69c0178305509b162c0160c1f04"
            ],
            "version": "==3.3.0"
        },
        "six": {
            "hashes": [
                "sha256:832dc0e10feb1aa2c68dcc57dbb658f1c7e65b9b61af69048abc87a2db00a0eb",
                "sha256:70e8a77beed4562e7f14fe23a786b54f6296e34344c23bc42f07b15018ff98e9"
            ],
            "version": "==1.11.0"
        }
    },
    "develop": {}
}
